
Microsoft Visual Studio Solution File, Format Version 12.00
# Visual Studio Version 17
VisualStudioVersion = 17.2.32516.85
MinimumVisualStudioVersion = 10.0.40219.1
Project("{FAE04EC0-301F-11D3-BF4B-00C04F79EFBC}") = "estudo ex2", "estudo ex2\estudo ex2.csproj", "{8EE9EDA7-91F8-453D-9255-370AD772B22E}"
EndProject
Global
	GlobalSection(SolutionConfigurationPlatforms) = preSolution
		Debug|Any CPU = Debug|Any CPU
		Release|Any CPU = Release|Any CPU
	EndGlobalSection
	GlobalSection(ProjectConfigurationPlatforms) = postSolution
		{8EE9EDA7-91F8-453D-9255-370AD772B22E}.Debug|Any CPU.ActiveCfg = Debug|Any CPU
		{8EE9EDA7-91F8-453D-9255-370AD772B22E}.Debug|Any CPU.Build.0 = Debug|Any CPU
		{8EE9EDA7-91F8-453D-9255-370AD772B22E}.Release|Any CPU.ActiveCfg = Release|Any CPU
		{8EE9EDA7-91F8-453D-9255-370AD772B22E}.Release|Any CPU.Build.0 = Release|Any CPU
	EndGlobalSection
	GlobalSection(SolutionProperties) = preSolution
		HideSolutionNode = FALSE
	EndGlobalSection
	GlobalSection(ExtensibilityGlobals) = postSolution
		SolutionGuid = {C02D6E66-2968-4D15-AE89-2BB0332D6E28}
	EndGlobalSection
EndGlobal
