
Microsoft Visual Studio Solution File, Format Version 12.00
# Visual Studio Version 17
VisualStudioVersion = 17.2.32516.85
MinimumVisualStudioVersion = 10.0.40219.1
Project("{FAE04EC0-301F-11D3-BF4B-00C04F79EFBC}") = "ex5 mod 09 desafio", "ex5 mod 09 desafio\ex5 mod 09 desafio.csproj", "{97D67CDF-3AD0-4518-8205-84791DFDAFAF}"
EndProject
Global
	GlobalSection(SolutionConfigurationPlatforms) = preSolution
		Debug|Any CPU = Debug|Any CPU
		Release|Any CPU = Release|Any CPU
	EndGlobalSection
	GlobalSection(ProjectConfigurationPlatforms) = postSolution
		{97D67CDF-3AD0-4518-8205-84791DFDAFAF}.Debug|Any CPU.ActiveCfg = Debug|Any CPU
		{97D67CDF-3AD0-4518-8205-84791DFDAFAF}.Debug|Any CPU.Build.0 = Debug|Any CPU
		{97D67CDF-3AD0-4518-8205-84791DFDAFAF}.Release|Any CPU.ActiveCfg = Release|Any CPU
		{97D67CDF-3AD0-4518-8205-84791DFDAFAF}.Release|Any CPU.Build.0 = Release|Any CPU
	EndGlobalSection
	GlobalSection(SolutionProperties) = preSolution
		HideSolutionNode = FALSE
	EndGlobalSection
	GlobalSection(ExtensibilityGlobals) = postSolution
		SolutionGuid = {AB4C08A7-91EC-4656-B947-584703ACCD23}
	EndGlobalSection
EndGlobal
